
Microsoft Visual Studio Solution File, Format Version 12.00
# Visual Studio Version 17
VisualStudioVersion = 17.1.32210.238
MinimumVisualStudioVersion = 10.0.40219.1
Project("{FAE04EC0-301F-11D3-BF4B-00C04F79EFBC}") = "Biblioteca", "Biblioteca\Biblioteca.csproj", "{80034ECD-5F90-439E-B8F6-D021E118AE88}"
EndProject
Global
	GlobalSection(SolutionConfigurationPlatforms) = preSolution
		Debug|Any CPU = Debug|Any CPU
		Release|Any CPU = Release|Any CPU
	EndGlobalSection
	GlobalSection(ProjectConfigurationPlatforms) = postSolution
		{80034ECD-5F90-439E-B8F6-D021E118AE88}.Debug|Any CPU.ActiveCfg = Debug|Any CPU
		{80034ECD-5F90-439E-B8F6-D021E118AE88}.Debug|Any CPU.Build.0 = Debug|Any CPU
		{80034ECD-5F90-439E-B8F6-D021E118AE88}.Release|Any CPU.ActiveCfg = Release|Any CPU
		{80034ECD-5F90-439E-B8F6-D021E118AE88}.Release|Any CPU.Build.0 = Release|Any CPU
	EndGlobalSection
	GlobalSection(SolutionProperties) = preSolution
		HideSolutionNode = FALSE
	EndGlobalSection
	GlobalSection(ExtensibilityGlobals) = postSolution
		SolutionGuid = {37AAD19A-13B8-43B8-A85D-046978A548AE}
	EndGlobalSection
EndGlobal
